
Microsoft Visual Studio Solution File, Format Version 12.00
# Visual Studio Version 16
VisualStudioVersion = 16.0.31613.86
MinimumVisualStudioVersion = 10.0.40219.1
Project("{9A19103F-16F7-4668-BE54-9A1E7A4F7556}") = "WebShop1", "WebShop1.csproj", "{DA939BA3-079F-4441-95B8-0D7D1218350C}"
EndProject
Global
	GlobalSection(SolutionConfigurationPlatforms) = preSolution
		Debug|Any CPU = Debug|Any CPU
		Release|Any CPU = Release|Any CPU
	EndGlobalSection
	GlobalSection(ProjectConfigurationPlatforms) = postSolution
		{DA939BA3-079F-4441-95B8-0D7D1218350C}.Debug|Any CPU.ActiveCfg = Debug|Any CPU
		{DA939BA3-079F-4441-95B8-0D7D1218350C}.Debug|Any CPU.Build.0 = Debug|Any CPU
		{DA939BA3-079F-4441-95B8-0D7D1218350C}.Release|Any CPU.ActiveCfg = Release|Any CPU
		{DA939BA3-079F-4441-95B8-0D7D1218350C}.Release|Any CPU.Build.0 = Release|Any CPU
	EndGlobalSection
	GlobalSection(SolutionProperties) = preSolution
		HideSolutionNode = FALSE
	EndGlobalSection
	GlobalSection(ExtensibilityGlobals) = postSolution
		SolutionGuid = {C01BDEE7-AE54-4004-AFB6-431B54B3A8EA}
	EndGlobalSection
EndGlobal
